
Microsoft Visual Studio Solution File, Format Version 12.00
# Visual Studio Version 17
VisualStudioVersion = 17.14.36429.23
MinimumVisualStudioVersion = 10.0.40219.1
Project("{2150E333-8FDC-42A3-9474-1A3956D46DE8}") = "1. Presentaciones", "1. Presentaciones", "{02EA681E-C7D8-13C7-8484-4AC65E1B71E8}"
EndProject
Project("{2150E333-8FDC-42A3-9474-1A3956D46DE8}") = "2. Servicios", "2. Servicios", "{D3CD3FFC-507E-47F3-9AA2-78F9C85EAFE8}"
EndProject
Project("{2150E333-8FDC-42A3-9474-1A3956D46DE8}") = "3. Nucleo", "3. Nucleo", "{CB4E6D19-2AA1-47C9-A527-1D12D3392BC9}"
EndProject
Project("{2150E333-8FDC-42A3-9474-1A3956D46DE8}") = "4. Pruebas Unitarias", "4. Pruebas Unitarias", "{35EC63F1-6850-403C-9E7A-042FA2A9C76C}"
EndProject
Project("{FAE04EC0-301F-11D3-BF4B-00C04F79EFBC}") = "lib_dominio", "lib_dominio\lib_dominio.csproj", "{F31BDFDE-DA17-4202-B870-42AA8A7C5F26}"
EndProject
Project("{FAE04EC0-301F-11D3-BF4B-00C04F79EFBC}") = "lib_repositorios", "lib_repositorios\lib_repositorios.csproj", "{08BFBCD1-3B7E-4B6A-8D4F-EBC1EA1A9CD3}"
EndProject
Project("{FAE04EC0-301F-11D3-BF4B-00C04F79EFBC}") = "ut_presentacion", "ut_presentacion\ut_presentacion.csproj", "{E54B48B0-B36B-4FBC-A639-ADB2BB492BDB}"
	ProjectSection(ProjectDependencies) = postProject
		{08BFBCD1-3B7E-4B6A-8D4F-EBC1EA1A9CD3} = {08BFBCD1-3B7E-4B6A-8D4F-EBC1EA1A9CD3}
		{F31BDFDE-DA17-4202-B870-42AA8A7C5F26} = {F31BDFDE-DA17-4202-B870-42AA8A7C5F26}
	EndProjectSection
EndProject
Project("{2150E333-8FDC-42A3-9474-1A3956D46DE8}") = "Elementos de la solución", "Elementos de la solución", "{D107F4C8-89CC-BEA8-D3D7-CA6B7733353D}"
	ProjectSection(SolutionItems) = preProject
		secrets.json = secrets.json
	EndProjectSection
EndProject
<<<<<<< HEAD
Project("{FAE04EC0-301F-11D3-BF4B-00C04F79EFBC}") = "asp_servicios", "asp_servicios\asp_servicios.csproj", "{BDED0D19-C1D7-4D00-916F-46849AB76A9A}"
=======
Project("{FAE04EC0-301F-11D3-BF4B-00C04F79EFBC}") = "ut_presentacion_impl", "ut_presentacion_impl\ut_presentacion_impl.csproj", "{E329AA4F-9F47-AB86-4426-5B2512576834}"
EndProject
Project("{2150E333-8FDC-42A3-9474-1A3956D46DE8}") = "5. Pruebas Unitarias Implementaciones", "5. Pruebas Unitarias Implementaciones", "{369CB01D-A1A7-72D2-AABC-3F0945D148A2}"
>>>>>>> a126649dabeb58103d688c40428dc32f7d2cbe44
EndProject
Global
	GlobalSection(SolutionConfigurationPlatforms) = preSolution
		Debug|Any CPU = Debug|Any CPU
		Release|Any CPU = Release|Any CPU
	EndGlobalSection
	GlobalSection(ProjectConfigurationPlatforms) = postSolution
		{F31BDFDE-DA17-4202-B870-42AA8A7C5F26}.Debug|Any CPU.ActiveCfg = Debug|Any CPU
		{F31BDFDE-DA17-4202-B870-42AA8A7C5F26}.Debug|Any CPU.Build.0 = Debug|Any CPU
		{F31BDFDE-DA17-4202-B870-42AA8A7C5F26}.Release|Any CPU.ActiveCfg = Release|Any CPU
		{F31BDFDE-DA17-4202-B870-42AA8A7C5F26}.Release|Any CPU.Build.0 = Release|Any CPU
		{08BFBCD1-3B7E-4B6A-8D4F-EBC1EA1A9CD3}.Debug|Any CPU.ActiveCfg = Debug|Any CPU
		{08BFBCD1-3B7E-4B6A-8D4F-EBC1EA1A9CD3}.Debug|Any CPU.Build.0 = Debug|Any CPU
		{08BFBCD1-3B7E-4B6A-8D4F-EBC1EA1A9CD3}.Release|Any CPU.ActiveCfg = Release|Any CPU
		{08BFBCD1-3B7E-4B6A-8D4F-EBC1EA1A9CD3}.Release|Any CPU.Build.0 = Release|Any CPU
		{E54B48B0-B36B-4FBC-A639-ADB2BB492BDB}.Debug|Any CPU.ActiveCfg = Debug|Any CPU
		{E54B48B0-B36B-4FBC-A639-ADB2BB492BDB}.Debug|Any CPU.Build.0 = Debug|Any CPU
		{E54B48B0-B36B-4FBC-A639-ADB2BB492BDB}.Release|Any CPU.ActiveCfg = Release|Any CPU
		{E54B48B0-B36B-4FBC-A639-ADB2BB492BDB}.Release|Any CPU.Build.0 = Release|Any CPU
<<<<<<< HEAD
		{BDED0D19-C1D7-4D00-916F-46849AB76A9A}.Debug|Any CPU.ActiveCfg = Debug|Any CPU
		{BDED0D19-C1D7-4D00-916F-46849AB76A9A}.Debug|Any CPU.Build.0 = Debug|Any CPU
		{BDED0D19-C1D7-4D00-916F-46849AB76A9A}.Release|Any CPU.ActiveCfg = Release|Any CPU
		{BDED0D19-C1D7-4D00-916F-46849AB76A9A}.Release|Any CPU.Build.0 = Release|Any CPU
=======
		{E329AA4F-9F47-AB86-4426-5B2512576834}.Debug|Any CPU.ActiveCfg = Debug|Any CPU
		{E329AA4F-9F47-AB86-4426-5B2512576834}.Debug|Any CPU.Build.0 = Debug|Any CPU
		{E329AA4F-9F47-AB86-4426-5B2512576834}.Release|Any CPU.ActiveCfg = Release|Any CPU
		{E329AA4F-9F47-AB86-4426-5B2512576834}.Release|Any CPU.Build.0 = Release|Any CPU
>>>>>>> a126649dabeb58103d688c40428dc32f7d2cbe44
	EndGlobalSection
	GlobalSection(SolutionProperties) = preSolution
		HideSolutionNode = FALSE
	EndGlobalSection
	GlobalSection(NestedProjects) = preSolution
		{F31BDFDE-DA17-4202-B870-42AA8A7C5F26} = {CB4E6D19-2AA1-47C9-A527-1D12D3392BC9}
		{08BFBCD1-3B7E-4B6A-8D4F-EBC1EA1A9CD3} = {D3CD3FFC-507E-47F3-9AA2-78F9C85EAFE8}
		{E54B48B0-B36B-4FBC-A639-ADB2BB492BDB} = {35EC63F1-6850-403C-9E7A-042FA2A9C76C}
<<<<<<< HEAD
		{BDED0D19-C1D7-4D00-916F-46849AB76A9A} = {D3CD3FFC-507E-47F3-9AA2-78F9C85EAFE8}
=======
		{E329AA4F-9F47-AB86-4426-5B2512576834} = {369CB01D-A1A7-72D2-AABC-3F0945D148A2}
>>>>>>> a126649dabeb58103d688c40428dc32f7d2cbe44
	EndGlobalSection
	GlobalSection(ExtensibilityGlobals) = postSolution
		SolutionGuid = {0D0F4D02-5C15-48F4-ABEB-0D011759C871}
	EndGlobalSection
EndGlobal
